PODS:
  - FMDB (2.7.5):
    - FMDB/standard (= 2.7.5)
  - FMDB/standard (2.7.5)
  - ObjectMapper (3.5.1)
  - Then (2.6.0)

DEPENDENCIES:
  - FMDB
  - ObjectMapper
  - Then

SPEC REPOS:
  https://github.com/CocoaPods/Specs.git:
    - FMDB
    - ObjectMapper
    - Then

SPEC CHECKSUMS:
  FMDB: 2ce00b547f966261cd18927a3ddb07cb6f3db82a
  ObjectMapper: 70187b8941977c62ccfb423caf6b50be405cabf0
  Then: 90cd104fd951cec1980a03f57704ad8f784d4d79

PODFILE CHECKSUM: d574308cd21856b6db3c6b8b76813042ebb20762

COCOAPODS: 1.8.3
